// !$*UTF8*$!
{
	archiveVersion = 1;
	classes = {
	};
	objectVersion = 50;
	objects = {

/* Begin PBXBuildFile section */
		5ED0124C25FD3D01001CE9DC /* AppDelegate.swift in Sources */ = {isa = PBXBuildFile; fileRef = 5ED0124B25FD3D01001CE9DC /* AppDelegate.swift */; };
		5ED0124E25FD3D01001CE9DC /* SceneDelegate.swift in Sources */ = {isa = PBXBuildFile; fileRef = 5ED0124D25FD3D01001CE9DC /* SceneDelegate.swift */; };
		5ED0125025FD3D01001CE9DC /* ViewController.swift in Sources */ = {isa = PBXBuildFile; fileRef = 5ED0124F25FD3D01001CE9DC /* ViewController.swift */; };
		5ED0125325FD3D01001CE9DC /* Main.storyboard in Resources */ = {isa = PBXBuildFile; fileRef = 5ED0125125FD3D01001CE9DC /* Main.storyboard */; };
		5ED0125525FD3D12001CE9DC /* Assets.xcassets in Resources */ = {isa = PBXBuildFile; fileRef = 5ED0125425FD3D12001CE9DC /* Assets.xcassets */; };
		5ED0125825FD3D12001CE9DC /* LaunchScreen.storyboard in Resources */ = {isa = PBXBuildFile; fileRef = 5ED0125625FD3D12001CE9DC /* LaunchScreen.storyboard */; };
		5ED0128A25FD8BDB001CE9DC /* C.wav in Resources */ = {isa = PBXBuildFile; fileRef = 5ED0128325FD8BDA001CE9DC /* C.wav */; };
		5ED0128B25FD8BDB001CE9DC /* G.wav in Resources */ = {isa = PBXBuildFile; fileRef = 5ED0128425FD8BDA001CE9DC /* G.wav */; };
		5ED0128C25FD8BDB001CE9DC /* A.wav in Resources */ = {isa = PBXBuildFile; fileRef = 5ED0128525FD8BDA001CE9DC /* A.wav */; };
		5ED0128D25FD8BDB001CE9DC /* E.wav in Resources */ = {isa = PBXBuildFile; fileRef = 5ED0128625FD8BDA001CE9DC /* E.wav */; };
		5ED0128E25FD8BDB001CE9DC /* B.wav in Resources */ = {isa = PBXBuildFile; fileRef = 5ED0128725FD8BDB001CE9DC /* B.wav */; };
		5ED0128F25FD8BDB001CE9DC /* D.wav in Resources */ = {isa = PBXBuildFile; fileRef = 5ED0128825FD8BDB001CE9DC /* D.wav */; };
		5ED0129025FD8BDB001CE9DC /* F.wav in Resources */ = {isa = PBXBuildFile; fileRef = 5ED0128925FD8BDB001CE9DC /* F.wav */; };
/* End PBXBuildFile section */

/* Begin PBXFileReference section */
		5ED0124825FD3D01001CE9DC /* Xylophpne IOS.app */ = {isa = PBXFileReference; explicitFileType = wrapper.application; includeInIndex = 0; path = "Xylophpne IOS.app"; sourceTree = BUILT_PRODUCTS_DIR; };
		5ED0124B25FD3D01001CE9DC /* AppDelegate.swift */ = {isa = PBXFileReference; lastKnownFileType = sourcecode.swift; path = AppDelegate.swift; sourceTree = "<group>"; };
		5ED0124D25FD3D01001CE9DC /* SceneDelegate.swift */ = {isa = PBXFileReference; lastKnownFileType = sourcecode.swift; path = SceneDelegate.swift; sourceTree = "<group>"; };
		5ED0124F25FD3D01001CE9DC /* ViewController.swift */ = {isa = PBXFileReference; lastKnownFileType = sourcecode.swift; path = ViewController.swift; sourceTree = "<group>"; };
		5ED0125225FD3D01001CE9DC /* Base */ = {isa = PBXFileReference; lastKnownFileType = file.storyboard; name = Base; path = Base.lproj/Main.storyboard; sourceTree = "<group>"; };
		5ED0125425FD3D12001CE9DC /* Assets.xcassets */ = {isa = PBXFileReference; lastKnownFileType = folder.assetcatalog; path = Assets.xcassets; sourceTree = "<group>"; };
		5ED0125725FD3D12001CE9DC /* Base */ = {isa = PBXFileReference; lastKnownFileType = file.storyboard; name = Base; path = Base.lproj/LaunchScreen.storyboard; sourceTree = "<group>"; };
		5ED0125925FD3D12001CE9DC /* Info.plist */ = {isa = PBXFileReference; lastKnownFileType = text.plist.xml; path = Info.plist; sourceTree = "<group>"; };
		5ED0128325FD8BDA001CE9DC /* C.wav */ = {isa = PBXFileReference; lastKnownFileType = audio.wav; name = C.wav; path = "Xylophpne IOS/Sounds/C.wav"; sourceTree = "<group>"; };
		5ED0128425FD8BDA001CE9DC /* G.wav */ = {isa = PBXFileReference; lastKnownFileType = audio.wav; name = G.wav; path = "Xylophpne IOS/Sounds/G.wav"; sourceTree = "<group>"; };
		5ED0128525FD8BDA001CE9DC /* A.wav */ = {isa = PBXFileReference; lastKnownFileType = audio.wav; name = A.wav; path = "Xylophpne IOS/Sounds/A.wav"; sourceTree = "<group>"; };
		5ED0128625FD8BDA001CE9DC /* E.wav */ = {isa = PBXFileReference; lastKnownFileType = audio.wav; name = E.wav; path = "Xylophpne IOS/Sounds/E.wav"; sourceTree = "<group>"; };
		5ED0128725FD8BDB001CE9DC /* B.wav */ = {isa = PBXFileReference; lastKnownFileType = audio.wav; name = B.wav; path = "Xylophpne IOS/Sounds/B.wav"; sourceTree = "<group>"; };
		5ED0128825FD8BDB001CE9DC /* D.wav */ = {isa = PBXFileReference; lastKnownFileType = audio.wav; name = D.wav; path = "Xylophpne IOS/Sounds/D.wav"; sourceTree = "<group>"; };
		5ED0128925FD8BDB001CE9DC /* F.wav */ = {isa = PBXFileReference; lastKnownFileType = audio.wav; name = F.wav; path = "Xylophpne IOS/Sounds/F.wav"; sourceTree = "<group>"; };
/* End PBXFileReference section */

/* Begin PBXFrameworksBuildPhase section */
		5ED0124525FD3D01001CE9DC /* Frameworks */ = {
			isa = PBXFrameworksBuildPhase;
			buildActionMask = 2147483647;
			files = (
			);
			runOnlyForDeploymentPostprocessing = 0;
		};
/* End PBXFrameworksBuildPhase section */

/* Begin PBXGroup section */
		5ED0123F25FD3D00001CE9DC = {
			isa = PBXGroup;
			children = (
				5ED0128525FD8BDA001CE9DC /* A.wav */,
				5ED0128725FD8BDB001CE9DC /* B.wav */,
				5ED0128325FD8BDA001CE9DC /* C.wav */,
				5ED0128825FD8BDB001CE9DC /* D.wav */,
				5ED0128625FD8BDA001CE9DC /* E.wav */,
				5ED0128925FD8BDB001CE9DC /* F.wav */,
				5ED0128425FD8BDA001CE9DC /* G.wav */,
				5ED0124A25FD3D01001CE9DC /* Xylophpne IOS */,
				5ED0124925FD3D01001CE9DC /* Products */,
			);
			sourceTree = "<group>";
		};
		5ED0124925FD3D01001CE9DC /* Products */ = {
			isa = PBXGroup;
			children = (
				5ED0124825FD3D01001CE9DC /* Xylophpne IOS.app */,
			);
			name = Products;
			sourceTree = "<group>";
		};
		5ED0124A25FD3D01001CE9DC /* Xylophpne IOS */ = {
			isa = PBXGroup;
			children = (
				5ED0124B25FD3D01001CE9DC /* AppDelegate.swift */,
				5ED0124D25FD3D01001CE9DC /* SceneDelegate.swift */,
				5ED0124F25FD3D01001CE9DC /* ViewController.swift */,
				5ED0125125FD3D01001CE9DC /* Main.storyboard */,
				5ED0125425FD3D12001CE9DC /* Assets.xcassets */,
				5ED0125625FD3D12001CE9DC /* LaunchScreen.storyboard */,
				5ED0125925FD3D12001CE9DC /* Info.plist */,
			);
			path = "Xylophpne IOS";
			sourceTree = "<group>";
		};
/* End PBXGroup section */

/* Begin PBXNativeTarget section */
		5ED0124725FD3D01001CE9DC /* Xylophpne IOS */ = {
			isa = PBXNativeTarget;
			buildConfigurationList = 5ED0125C25FD3D12001CE9DC /* Build configuration list for PBXNativeTarget "Xylophpne IOS" */;
			buildPhases = (
				5ED0124425FD3D01001CE9DC /* Sources */,
				5ED0124525FD3D01001CE9DC /* Frameworks */,
				5ED0124625FD3D01001CE9DC /* Resources */,
			);
			buildRules = (
			);
			dependencies = (
			);
			name = "Xylophpne IOS";
			productName = "Xylophpne IOS";
			productReference = 5ED0124825FD3D01001CE9DC /* Xylophpne IOS.app */;
			productType = "com.apple.product-type.application";
		};
/* End PBXNativeTarget section */

/* Begin PBXProject section */
		5ED0124025FD3D00001CE9DC /* Project object */ = {
			isa = PBXProject;
			attributes = {
				LastSwiftUpdateCheck = 1240;
				LastUpgradeCheck = 1240;
				TargetAttributes = {
					5ED0124725FD3D01001CE9DC = {
						CreatedOnToolsVersion = 12.4;
					};
				};
			};
			buildConfigurationList = 5ED0124325FD3D00001CE9DC /* Build configuration list for PBXProject "Xylophpne IOS" */;
			compatibilityVersion = "Xcode 9.3";
			developmentRegion = en;
			hasScannedForEncodings = 0;
			knownRegions = (
				en,
				Base,
			);
			mainGroup = 5ED0123F25FD3D00001CE9DC;
			productRefGroup = 5ED0124925FD3D01001CE9DC /* Products */;
			projectDirPath = "";
			projectRoot = "";
			targets = (
				5ED0124725FD3D01001CE9DC /* Xylophpne IOS */,
			);
		};
/* End PBXProject section */

/* Begin PBXResourcesBuildPhase section */
		5ED0124625FD3D01001CE9DC /* Resources */ = {
			isa = PBXResourcesBuildPhase;
			buildActionMask = 2147483647;
			files = (
				5ED0128A25FD8BDB001CE9DC /* C.wav in Resources */,
				5ED0128B25FD8BDB001CE9DC /* G.wav in Resources */,
				5ED0128C25FD8BDB001CE9DC /* A.wav in Resources */,
				5ED0128D25FD8BDB001CE9DC /* E.wav in Resources */,
				5ED0128E25FD8BDB001CE9DC /* B.wav in Resources */,
				5ED0128F25FD8BDB001CE9DC /* D.wav in Resources */,
				5ED0129025FD8BDB001CE9DC /* F.wav in Resources */,
				5ED0125825FD3D12001CE9DC /* LaunchScreen.storyboard in Resources */,
				5ED0125525FD3D12001CE9DC /* Assets.xcassets in Resources */,
				5ED0125325FD3D01001CE9DC /* Main.storyboard in Resources */,
			);
			runOnlyForDeploymentPostprocessing = 0;
		};
/* End PBXResourcesBuildPhase section */

/* Begin PBXSourcesBuildPhase section */
		5ED0124425FD3D01001CE9DC /* Sources */ = {
			isa = PBXSourcesBuildPhase;
			buildActionMask = 2147483647;
			files = (
				5ED0125025FD3D01001CE9DC /* ViewController.swift in Sources */,
				5ED0124C25FD3D01001CE9DC /* AppDelegate.swift in Sources */,
				5ED0124E25FD3D01001CE9DC /* SceneDelegate.swift in Sources */,
			);
			runOnlyForDeploymentPostprocessing = 0;
		};
/* End PBXSourcesBuildPhase section */

/* Begin PBXVariantGroup section */
		5ED0125125FD3D01001CE9DC /* Main.storyboard */ = {
			isa = PBXVariantGroup;
			children = (
				5ED0125225FD3D01001CE9DC /* Base */,
			);
			name = Main.storyboard;
			sourceTree = "<group>";
		};
		5ED0125625FD3D12001CE9DC /* LaunchScreen.storyboard */ = {
			isa = PBXVariantGroup;
			children = (
				5ED0125725FD3D12001CE9DC /* Base */,
			);
			name = LaunchScreen.storyboard;
			sourceTree = "<group>";
		};
/* End PBXVariantGroup section */

/* Begin XCBuildConfiguration section */
		5ED0125A25FD3D12001CE9DC /* Debug */ = {
			isa = XCBuildConfiguration;
			buildSettings = {
				ALWAYS_SEARCH_USER_PATHS = NO;
				CLANG_ANALYZER_NONNULL = YES;
				CLANG_ANALYZER_NUMBER_OBJECT_CONVERSION = YES_AGGRESSIVE;
				CLANG_CXX_LANGUAGE_STANDARD = "gnu++14";
				CLANG_CXX_LIBRARY = "libc++";
				CLANG_ENABLE_MODULES = YES;
				CLANG_ENABLE_OBJC_ARC = YES;
				CLANG_ENABLE_OBJC_WEAK = YES;
				CLANG_WARN_BLOCK_CAPTURE_AUTORELEASING = YES;
				CLANG_WARN_BOOL_CONVERSION = YES;
				CLANG_WARN_COMMA = YES;
				CLANG_WARN_CONSTANT_CONVERSION = YES;
				CLANG_WARN_DEPRECATED_OBJC_IMPLEMENTATIONS = YES;
				CLANG_WARN_DIRECT_OBJC_ISA_USAGE = YES_ERROR;
				CLANG_WARN_DOCUMENTATION_COMMENTS = YES;
				CLANG_WARN_EMPTY_BODY = YES;
				CLANG_WARN_ENUM_CONVERSION = YES;
				CLANG_WARN_INFINITE_RECURSION = YES;
				CLANG_WARN_INT_CONVERSION = YES;
				CLANG_WARN_NON_LITERAL_NULL_CONVERSION = YES;
				CLANG_WARN_OBJC_IMPLICIT_RETAIN_SELF = YES;
				CLANG_WARN_OBJC_LITERAL_CONVERSION = YES;
				CLANG_WARN_OBJC_ROOT_CLASS = YES_ERROR;
				CLANG_WARN_QUOTED_INCLUDE_IN_FRAMEWORK_HEADER = YES;
				CLANG_WARN_RANGE_LOOP_ANALYSIS = YES;
				CLANG_WARN_STRICT_PROTOTYPES = YES;
				CLANG_WARN_SUSPICIOUS_MOVE = YES;
				CLANG_WARN_UNGUARDED_AVAILABILITY = YES_AGGRESSIVE;
				CLANG_WARN_UNREACHABLE_CODE = YES;
				CLANG_WARN__DUPLICATE_METHOD_MATCH = YES;
				COPY_PHASE_STRIP = NO;
				DEBUG_INFORMATION_FORMAT = dwarf;
				ENABLE_STRICT_OBJC_MSGSEND = YES;
				ENABLE_TESTABILITY = YES;
				GCC_C_LANGUAGE_STANDARD = gnu11;
				GCC_DYNAMIC_NO_PIC = NO;
				GCC_NO_COMMON_BLOCKS = YES;
				GCC_OPTIMIZATION_LEVEL = 0;
				GCC_PREPROCESSOR_DEFINITIONS = (
					"DEBUG=1",
					"$(inherited)",
				);
				GCC_WARN_64_TO_32_BIT_CONVERSION = YES;
				GCC_WARN_ABOUT_RETURN_TYPE = YES_ERROR;
				GCC_WARN_UNDECLARED_SELECTOR = YES;
				GCC_WARN_UNINITIALIZED_AUTOS = YES_AGGRESSIVE;
				GCC_WARN_UNUSED_FUNCTION = YES;
				GCC_WARN_UNUSED_VARIABLE = YES;
				IPHONEOS_DEPLOYMENT_TARGET = 14.4;
				MTL_ENABLE_DEBUG_INFO = INCLUDE_SOURCE;
				MTL_FAST_MATH = YES;
				ONLY_ACTIVE_ARCH = YES;
				SDKROOT = iphoneos;
				SWIFT_ACTIVE_COMPILATION_CONDITIONS = DEBUG;
				SWIFT_OPTIMIZATION_LEVEL = "-Onone";
			};
			name = Debug;
		};
		5ED0125B25FD3D12001CE9DC /* Release */ = {
			isa = XCBuildConfiguration;
			buildSettings = {
				ALWAYS_SEARCH_USER_PATHS = NO;
				CLANG_ANALYZER_NONNULL = YES;
				CLANG_ANALYZER_NUMBER_OBJECT_CONVERSION = YES_AGGRESSIVE;
				CLANG_CXX_LANGUAGE_STANDARD = "gnu++14";
				CLANG_CXX_LIBRARY = "libc++";
				CLANG_ENABLE_MODULES = YES;
				CLANG_ENABLE_OBJC_ARC = YES;
				CLANG_ENABLE_OBJC_WEAK = YES;
				CLANG_WARN_BLOCK_CAPTURE_AUTORELEASING = YES;
				CLANG_WARN_BOOL_CONVERSION = YES;
				CLANG_WARN_COMMA = YES;
				CLANG_WARN_CONSTANT_CONVERSION = YES;
				CLANG_WARN_DEPRECATED_OBJC_IMPLEMENTATIONS = YES;
				CLANG_WARN_DIRECT_OBJC_ISA_USAGE = YES_ERROR;
				CLANG_WARN_DOCUMENTATION_COMMENTS = YES;
				CLANG_WARN_EMPTY_BODY = YES;
				CLANG_WARN_ENUM_CONVERSION = YES;
				CLANG_WARN_INFINITE_RECURSION = YES;
				CLANG_WARN_INT_CONVERSION = YES;
				CLANG_WARN_NON_LITERAL_NULL_CONVERSION = YES;
				CLANG_WARN_OBJC_IMPLICIT_RETAIN_SELF = YES;
				CLANG_WARN_OBJC_LITERAL_CONVERSION = YES;
				CLANG_WARN_OBJC_ROOT_CLASS = YES_ERROR;
				CLANG_WARN_QUOTED_INCLUDE_IN_FRAMEWORK_HEADER = YES;
				CLANG_WARN_RANGE_LOOP_ANALYSIS = YES;
				CLANG_WARN_STRICT_PROTOTYPES = YES;
				CLANG_WARN_SUSPICIOUS_MOVE = YES;
				CLANG_WARN_UNGUARDED_AVAILABILITY = YES_AGGRESSIVE;
				CLANG_WARN_UNREACHABLE_CODE = YES;
				CLANG_WARN__DUPLICATE_METHOD_MATCH = YES;
				COPY_PHASE_STRIP = NO;
				DEBUG_INFORMATION_FORMAT = "dwarf-with-dsym";
				ENABLE_NS_ASSERTIONS = NO;
				ENABLE_STRICT_OBJC_MSGSEND = YES;
				GCC_C_LANGUAGE_STANDARD = gnu11;
				GCC_NO_COMMON_BLOCKS = YES;
				GCC_WARN_64_TO_32_BIT_CONVERSION = YES;
				GCC_WARN_ABOUT_RETURN_TYPE = YES_ERROR;
				GCC_WARN_UNDECLARED_SELECTOR = YES;
				GCC_WARN_UNINITIALIZED_AUTOS = YES_AGGRESSIVE;
				GCC_WARN_UNUSED_FUNCTION = YES;
				GCC_WARN_UNUSED_VARIABLE = YES;
				IPHONEOS_DEPLOYMENT_TARGET = 14.4;
				MTL_ENABLE_DEBUG_INFO = NO;
				MTL_FAST_MATH = YES;
				SDKROOT = iphoneos;
				SWIFT_COMPILATION_MODE = wholemodule;
				SWIFT_OPTIMIZATION_LEVEL = "-O";
				VALIDATE_PRODUCT = YES;
			};
			name = Release;
		};
		5ED0125D25FD3D12001CE9DC /* Debug */ = {
			isa = XCBuildConfiguration;
			buildSettings = {
				ASSETCATALOG_COMPILER_APPICON_NAME = AppIcon;
				ASSETCATALOG_COMPILER_GLOBAL_ACCENT_COLOR_NAME = AccentColor;
				CODE_SIGN_STYLE = Automatic;
				INFOPLIST_FILE = "Xylophpne IOS/Info.plist";
				LD_RUNPATH_SEARCH_PATHS = (
					"$(inherited)",
					"@executable_path/Frameworks",
				);
				PRODUCT_BUNDLE_IDENTIFIER = "com.ashley.Xylophpne-IOS";
				PRODUCT_NAME = "$(TARGET_NAME)";
				SWIFT_VERSION = 5.0;
				TARGETED_DEVICE_FAMILY = "1,2";
			};
			name = Debug;
		};
		5ED0125E25FD3D12001CE9DC /* Release */ = {
			isa = XCBuildConfiguration;
			buildSettings = {
				ASSETCATALOG_COMPILER_APPICON_NAME = AppIcon;
				ASSETCATALOG_COMPILER_GLOBAL_ACCENT_COLOR_NAME = AccentColor;
				CODE_SIGN_STYLE = Automatic;
				INFOPLIST_FILE = "Xylophpne IOS/Info.plist";
				LD_RUNPATH_SEARCH_PATHS = (
					"$(inherited)",
					"@executable_path/Frameworks",
				);
				PRODUCT_BUNDLE_IDENTIFIER = "com.ashley.Xylophpne-IOS";
				PRODUCT_NAME = "$(TARGET_NAME)";
				SWIFT_VERSION = 5.0;
				TARGETED_DEVICE_FAMILY = "1,2";
			};
			name = Release;
		};
/* End XCBuildConfiguration section */

/* Begin XCConfigurationList section */
		5ED0124325FD3D00001CE9DC /* Build configuration list for PBXProject "Xylophpne IOS" */ = {
			isa = XCConfigurationList;
			buildConfigurations = (
				5ED0125A25FD3D12001CE9DC /* Debug */,
				5ED0125B25FD3D12001CE9DC /* Release */,
			);
			defaultConfigurationIsVisible = 0;
			defaultConfigurationName = Release;
		};
		5ED0125C25FD3D12001CE9DC /* Build configuration list for PBXNativeTarget "Xylophpne IOS" */ = {
			isa = XCConfigurationList;
			buildConfigurations = (
				5ED0125D25FD3D12001CE9DC /* Debug */,
				5ED0125E25FD3D12001CE9DC /* Release */,
			);
			defaultConfigurationIsVisible = 0;
			defaultConfigurationName = Release;
		};
/* End XCConfigurationList section */
	};
	rootObject = 5ED0124025FD3D00001CE9DC /* Project object */;
}
